// !$*UTF8*$!
{
	archiveVersion = 1;
	classes = {
	};
	objectVersion = 46;
	objects = {

/* Begin PBXBuildFile section */
		C9BFFDCD1DE4E68E00499D50 /* AppDelegate.swift in Sources */ = {isa = PBXBuildFile; fileRef = C9BFFDCC1DE4E68E00499D50 /* AppDelegate.swift */; };
		C9BFFDCF1DE4E68E00499D50 /* ViewController.swift in Sources */ = {isa = PBXBuildFile; fileRef = C9BFFDCE1DE4E68E00499D50 /* ViewController.swift */; };
		C9BFFDD21DE4E68E00499D50 /* Main.storyboard in Resources */ = {isa = PBXBuildFile; fileRef = C9BFFDD01DE4E68E00499D50 /* Main.storyboard */; };
		C9BFFDD41DE4E68E00499D50 /* Assets.xcassets in Resources */ = {isa = PBXBuildFile; fileRef = C9BFFDD31DE4E68E00499D50 /* Assets.xcassets */; };
		C9BFFDD71DE4E68E00499D50 /* LaunchScreen.storyboard in Resources */ = {isa = PBXBuildFile; fileRef = C9BFFDD51DE4E68E00499D50 /* LaunchScreen.storyboard */; };
/* End PBXBuildFile section */

/* Begin PBXFileReference section */
		C9BFFDC91DE4E68E00499D50 /* DisappearingConstraints.app */ = {isa = PBXFileReference; explicitFileType = wrapper.application; includeInIndex = 0; path = DisappearingConstraints.app; sourceTree = BUILT_PRODUCTS_DIR; };
		C9BFFDCC1DE4E68E00499D50 /* AppDelegate.swift */ = {isa = PBXFileReference; lastKnownFileType = sourcecode.swift; path = AppDelegate.swift; sourceTree = "<group>"; };
		C9BFFDCE1DE4E68E00499D50 /* ViewController.swift */ = {isa = PBXFileReference; lastKnownFileType = sourcecode.swift; path = ViewController.swift; sourceTree = "<group>"; };
		C9BFFDD11DE4E68E00499D50 /* Base */ = {isa = PBXFileReference; lastKnownFileType = file.storyboard; name = Base; path = Base.lproj/Main.storyboard; sourceTree = "<group>"; };
		C9BFFDD31DE4E68E00499D50 /* Assets.xcassets */ = {isa = PBXFileReference; lastKnownFileType = folder.assetcatalog; path = Assets.xcassets; sourceTree = "<group>"; };
		C9BFFDD61DE4E68E00499D50 /* Base */ = {isa = PBXFileReference; lastKnownFileType = file.storyboard; name = Base; path = Base.lproj/LaunchScreen.storyboard; sourceTree = "<group>"; };
		C9BFFDD81DE4E68E00499D50 /* Info.plist */ = {isa = PBXFileReference; lastKnownFileType = text.plist.xml; path = Info.plist; sourceTree = "<group>"; };
/* End PBXFileReference section */

/* Begin PBXFrameworksBuildPhase section */
		C9BFFDC61DE4E68E00499D50 /* Frameworks */ = {
			isa = PBXFrameworksBuildPhase;
			buildActionMask = 2147483647;
			files = (
			);
			runOnlyForDeploymentPostprocessing = 0;
		};
/* End PBXFrameworksBuildPhase section */

/* Begin PBXGroup section */
		C9BFFDC01DE4E68E00499D50 = {
			isa = PBXGroup;
			children = (
				C9BFFDCB1DE4E68E00499D50 /* DisappearingConstraints */,
				C9BFFDCA1DE4E68E00499D50 /* Products */,
			);
			sourceTree = "<group>";
		};
		C9BFFDCA1DE4E68E00499D50 /* Products */ = {
			isa = PBXGroup;
			children = (
				C9BFFDC91DE4E68E00499D50 /* DisappearingConstraints.app */,
			);
			name = Products;
			sourceTree = "<group>";
		};
		C9BFFDCB1DE4E68E00499D50 /* DisappearingConstraints */ = {
			isa = PBXGroup;
			children = (
				C9BFFDCC1DE4E68E00499D50 /* AppDelegate.swift */,
				C9BFFDCE1DE4E68E00499D50 /* ViewController.swift */,
				C9BFFDD01DE4E68E00499D50 /* Main.storyboard */,
				C9BFFDD31DE4E68E00499D50 /* Assets.xcassets */,
				C9BFFDD51DE4E68E00499D50 /* LaunchScreen.storyboard */,
				C9BFFDD81DE4E68E00499D50 /* Info.plist */,
			);
			path = DisappearingConstraints;
			sourceTree = "<group>";
		};
/* End PBXGroup section */

/* Begin PBXNativeTarget section */
		C9BFFDC81DE4E68E00499D50 /* DisappearingConstraints */ = {
			isa = PBXNativeTarget;
			buildConfigurationList = C9BFFDDB1DE4E68E00499D50 /* Build configuration list for PBXNativeTarget "DisappearingConstraints" */;
			buildPhases = (
				C9BFFDC51DE4E68E00499D50 /* Sources */,
				C9BFFDC61DE4E68E00499D50 /* Frameworks */,
				C9BFFDC71DE4E68E00499D50 /* Resources */,
			);
			buildRules = (
			);
			dependencies = (
			);
			name = DisappearingConstraints;
			productName = DisappearingConstraints;
			productReference = C9BFFDC91DE4E68E00499D50 /* DisappearingConstraints.app */;
			productType = "com.apple.product-type.application";
		};
/* End PBXNativeTarget section */

/* Begin PBXProject section */
		C9BFFDC11DE4E68E00499D50 /* Project object */ = {
			isa = PBXProject;
			attributes = {
				LastSwiftUpdateCheck = 0810;
				LastUpgradeCheck = 0810;
				ORGANIZATIONNAME = "Elliot Fiske";
				TargetAttributes = {
					C9BFFDC81DE4E68E00499D50 = {
						CreatedOnToolsVersion = 8.1;
						ProvisioningStyle = Automatic;
					};
				};
			};
			buildConfigurationList = C9BFFDC41DE4E68E00499D50 /* Build configuration list for PBXProject "DisappearingConstraints" */;
			compatibilityVersion = "Xcode 3.2";
			developmentRegion = English;
			hasScannedForEncodings = 0;
			knownRegions = (
				en,
				Base,
			);
			mainGroup = C9BFFDC01DE4E68E00499D50;
			productRefGroup = C9BFFDCA1DE4E68E00499D50 /* Products */;
			projectDirPath = "";
			projectRoot = "";
			targets = (
				C9BFFDC81DE4E68E00499D50 /* DisappearingConstraints */,
			);
		};
/* End PBXProject section */

/* Begin PBXResourcesBuildPhase section */
		C9BFFDC71DE4E68E00499D50 /* Resources */ = {
			isa = PBXResourcesBuildPhase;
			buildActionMask = 2147483647;
			files = (
				C9BFFDD71DE4E68E00499D50 /* LaunchScreen.storyboard in Resources */,
				C9BFFDD41DE4E68E00499D50 /* Assets.xcassets in Resources */,
				C9BFFDD21DE4E68E00499D50 /* Main.storyboard in Resources */,
			);
			runOnlyForDeploymentPostprocessing = 0;
		};
/* End PBXResourcesBuildPhase section */

/* Begin PBXSourcesBuildPhase section */
		C9BFFDC51DE4E68E00499D50 /* Sources */ = {
			isa = PBXSourcesBuildPhase;
			buildActionMask = 2147483647;
			files = (
				C9BFFDCF1DE4E68E00499D50 /* ViewController.swift in Sources */,
				C9BFFDCD1DE4E68E00499D50 /* AppDelegate.swift in Sources */,
			);
			runOnlyForDeploymentPostprocessing = 0;
		};
/* End PBXSourcesBuildPhase section */

/* Begin PBXVariantGroup section */
		C9BFFDD01DE4E68E00499D50 /* Main.storyboard */ = {
			isa = PBXVariantGroup;
			children = (
				C9BFFDD11DE4E68E00499D50 /* Base */,
			);
			name = Main.storyboard;
			sourceTree = "<group>";
		};
		C9BFFDD51DE4E68E00499D50 /* LaunchScreen.storyboard */ = {
			isa = PBXVariantGroup;
			children = (
				C9BFFDD61DE4E68E00499D50 /* Base */,
			);
			name = LaunchScreen.storyboard;
			sourceTree = "<group>";
		};
/* End PBXVariantGroup section */

/* Begin XCBuildConfiguration section */
		C9BFFDD91DE4E68E00499D50 /* Debug */ = {
			isa = XCBuildConfiguration;
			buildSettings = {
				ALWAYS_SEARCH_USER_PATHS = NO;
				CLANG_ANALYZER_NONNULL = YES;
				CLANG_CXX_LANGUAGE_STANDARD = "gnu++0x";
				CLANG_CXX_LIBRARY = "libc++";
				CLANG_ENABLE_MODULES = YES;
				CLANG_ENABLE_OBJC_ARC = YES;
				CLANG_WARN_BOOL_CONVERSION = YES;
				CLANG_WARN_CONSTANT_CONVERSION = YES;
				CLANG_WARN_DIRECT_OBJC_ISA_USAGE = YES_ERROR;
				CLANG_WARN_DOCUMENTATION_COMMENTS = YES;
				CLANG_WARN_EMPTY_BODY = YES;
				CLANG_WARN_ENUM_CONVERSION = YES;
				CLANG_WARN_INFINITE_RECURSION = YES;
				CLANG_WARN_INT_CONVERSION = YES;
				CLANG_WARN_OBJC_ROOT_CLASS = YES_ERROR;
				CLANG_WARN_SUSPICIOUS_MOVES = YES;
				CLANG_WARN_UNREACHABLE_CODE = YES;
				CLANG_WARN__DUPLICATE_METHOD_MATCH = YES;
				"CODE_SIGN_IDENTITY[sdk=iphoneos*]" = "iPhone Developer";
				COPY_PHASE_STRIP = NO;
				DEBUG_INFORMATION_FORMAT = dwarf;
				ENABLE_STRICT_OBJC_MSGSEND = YES;
				ENABLE_TESTABILITY = YES;
				GCC_C_LANGUAGE_STANDARD = gnu99;
				GCC_DYNAMIC_NO_PIC = NO;
				GCC_NO_COMMON_BLOCKS = YES;
				GCC_OPTIMIZATION_LEVEL = 0;
				GCC_PREPROCESSOR_DEFINITIONS = (
					"DEBUG=1",
					"$(inherited)",
				);
				GCC_WARN_64_TO_32_BIT_CONVERSION = YES;
				GCC_WARN_ABOUT_RETURN_TYPE = YES_ERROR;
				GCC_WARN_UNDECLARED_SELECTOR = YES;
				GCC_WARN_UNINITIALIZED_AUTOS = YES_AGGRESSIVE;
				GCC_WARN_UNUSED_FUNCTION = YES;
				GCC_WARN_UNUSED_VARIABLE = YES;
				IPHONEOS_DEPLOYMENT_TARGET = 10.1;
				MTL_ENABLE_DEBUG_INFO = YES;
				ONLY_ACTIVE_ARCH = YES;
				SDKROOT = iphoneos;
				SWIFT_ACTIVE_COMPILATION_CONDITIONS = DEBUG;
				SWIFT_OPTIMIZATION_LEVEL = "-Onone";
				TARGETED_DEVICE_FAMILY = "1,2";
			};
			name = Debug;
		};
		C9BFFDDA1DE4E68E00499D50 /* Release */ = {
			isa = XCBuildConfiguration;
			buildSettings = {
				ALWAYS_SEARCH_USER_PATHS = NO;
				CLANG_ANALYZER_NONNULL = YES;
				CLANG_CXX_LANGUAGE_STANDARD = "gnu++0x";
				CLANG_CXX_LIBRARY = "libc++";
				CLANG_ENABLE_MODULES = YES;
				CLANG_ENABLE_OBJC_ARC = YES;
				CLANG_WARN_BOOL_CONVERSION = YES;
				CLANG_WARN_CONSTANT_CONVERSION = YES;
				CLANG_WARN_DIRECT_OBJC_ISA_USAGE = YES_ERROR;
				CLANG_WARN_DOCUMENTATION_COMMENTS = YES;
				CLANG_WARN_EMPTY_BODY = YES;
				CLANG_WARN_ENUM_CONVERSION = YES;
				CLANG_WARN_INFINITE_RECURSION = YES;
				CLANG_WARN_INT_CONVERSION = YES;
				CLANG_WARN_OBJC_ROOT_CLASS = YES_ERROR;
				CLANG_WARN_SUSPICIOUS_MOVES = YES;
				CLANG_WARN_UNREACHABLE_CODE = YES;
				CLANG_WARN__DUPLICATE_METHOD_MATCH = YES;
				"CODE_SIGN_IDENTITY[sdk=iphoneos*]" = "iPhone Developer";
				COPY_PHASE_STRIP = NO;
				DEBUG_INFORMATION_FORMAT = "dwarf-with-dsym";
				ENABLE_NS_ASSERTIONS = NO;
				ENABLE_STRICT_OBJC_MSGSEND = YES;
				GCC_C_LANGUAGE_STANDARD = gnu99;
				GCC_NO_COMMON_BLOCKS = YES;
				GCC_WARN_64_TO_32_BIT_CONVERSION = YES;
				GCC_WARN_ABOUT_RETURN_TYPE = YES_ERROR;
				GCC_WARN_UNDECLARED_SELECTOR = YES;
				GCC_WARN_UNINITIALIZED_AUTOS = YES_AGGRESSIVE;
				GCC_WARN_UNUSED_FUNCTION = YES;
				GCC_WARN_UNUSED_VARIABLE = YES;
				IPHONEOS_DEPLOYMENT_TARGET = 10.1;
				MTL_ENABLE_DEBUG_INFO = NO;
				SDKROOT = iphoneos;
				SWIFT_OPTIMIZATION_LEVEL = "-Owholemodule";
				TARGETED_DEVICE_FAMILY = "1,2";
				VALIDATE_PRODUCT = YES;
			};
			name = Release;
		};
		C9BFFDDC1DE4E68E00499D50 /* Debug */ = {
			isa = XCBuildConfiguration;
			buildSettings = {
				ASSETCATALOG_COMPILER_APPICON_NAME = AppIcon;
				INFOPLIST_FILE = DisappearingConstraints/Info.plist;
				LD_RUNPATH_SEARCH_PATHS = "$(inherited) @executable_path/Frameworks";
				PRODUCT_BUNDLE_IDENTIFIER = com.elliotfiske.DisappearingConstraints;
				PRODUCT_NAME = "$(TARGET_NAME)";
				SWIFT_VERSION = 3.0;
			};
			name = Debug;
		};
		C9BFFDDD1DE4E68E00499D50 /* Release */ = {
			isa = XCBuildConfiguration;
			buildSettings = {
				ASSETCATALOG_COMPILER_APPICON_NAME = AppIcon;
				INFOPLIST_FILE = DisappearingConstraints/Info.plist;
				LD_RUNPATH_SEARCH_PATHS = "$(inherited) @executable_path/Frameworks";
				PRODUCT_BUNDLE_IDENTIFIER = com.elliotfiske.DisappearingConstraints;
				PRODUCT_NAME = "$(TARGET_NAME)";
				SWIFT_VERSION = 3.0;
			};
			name = Release;
		};
/* End XCBuildConfiguration section */

/* Begin XCConfigurationList section */
		C9BFFDC41DE4E68E00499D50 /* Build configuration list for PBXProject "DisappearingConstraints" */ = {
			isa = XCConfigurationList;
			buildConfigurations = (
				C9BFFDD91DE4E68E00499D50 /* Debug */,
				C9BFFDDA1DE4E68E00499D50 /* Release */,
			);
			defaultConfigurationIsVisible = 0;
			defaultConfigurationName = Release;
		};
		C9BFFDDB1DE4E68E00499D50 /* Build configuration list for PBXNativeTarget "DisappearingConstraints" */ = {
			isa = XCConfigurationList;
			buildConfigurations = (
				C9BFFDDC1DE4E68E00499D50 /* Debug */,
				C9BFFDDD1DE4E68E00499D50 /* Release */,
			);
			defaultConfigurationIsVisible = 0;
		};
/* End XCConfigurationList section */
	};
	rootObject = C9BFFDC11DE4E68E00499D50 /* Project object */;
}
